
Microsoft Visual Studio Solution File, Format Version 12.00
# Visual Studio Version 17
VisualStudioVersion = 17.3.32825.248
MinimumVisualStudioVersion = 10.0.40219.1
Project("{9A19103F-16F7-4668-BE54-9A1E7A4F7556}") = "Lab03", "Lab03\Lab03.csproj", "{7ADF5CED-FE76-446D-8B92-0A2349A46EE3}"
EndProject
Project("{9A19103F-16F7-4668-BE54-9A1E7A4F7556}") = "ClassLibrary03", "ClassLibrary03\ClassLibrary03.csproj", "{F7C00EF7-477B-4FB8-9840-419C47112EC1}"
EndProject
Project("{9A19103F-16F7-4668-BE54-9A1E7A4F7556}") = "TestClassLibrary03", "TestClassLibrary03\TestClassLibrary03.csproj", "{A4F5D4E4-5211-4C35-B294-A69F955FE007}"
EndProject
Project("{FAE04EC0-301F-11D3-BF4B-00C04F79EFBC}") = "Task2(Cars)", "Task2(Cars)\Task2(Cars).csproj", "{A7453DF7-D20E-4D49-9D76-6F9F71C57A8F}"
EndProject
Project("{FAE04EC0-301F-11D3-BF4B-00C04F79EFBC}") = "Task3(Currency)", "Task3(Currency)\Task3(Currency).csproj", "{C827A706-7071-4F1C-82B0-79A3AE1B8631}"
EndProject
Global
	GlobalSection(SolutionConfigurationPlatforms) = preSolution
		Debug|Any CPU = Debug|Any CPU
		Release|Any CPU = Release|Any CPU
	EndGlobalSection
	GlobalSection(ProjectConfigurationPlatforms) = postSolution
		{7ADF5CED-FE76-446D-8B92-0A2349A46EE3}.Debug|Any CPU.ActiveCfg = Debug|Any CPU
		{7ADF5CED-FE76-446D-8B92-0A2349A46EE3}.Debug|Any CPU.Build.0 = Debug|Any CPU
		{7ADF5CED-FE76-446D-8B92-0A2349A46EE3}.Release|Any CPU.ActiveCfg = Release|Any CPU
		{7ADF5CED-FE76-446D-8B92-0A2349A46EE3}.Release|Any CPU.Build.0 = Release|Any CPU
		{F7C00EF7-477B-4FB8-9840-419C47112EC1}.Debug|Any CPU.ActiveCfg = Debug|Any CPU
		{F7C00EF7-477B-4FB8-9840-419C47112EC1}.Debug|Any CPU.Build.0 = Debug|Any CPU
		{F7C00EF7-477B-4FB8-9840-419C47112EC1}.Release|Any CPU.ActiveCfg = Release|Any CPU
		{F7C00EF7-477B-4FB8-9840-419C47112EC1}.Release|Any CPU.Build.0 = Release|Any CPU
		{A4F5D4E4-5211-4C35-B294-A69F955FE007}.Debug|Any CPU.ActiveCfg = Debug|Any CPU
		{A4F5D4E4-5211-4C35-B294-A69F955FE007}.Debug|Any CPU.Build.0 = Debug|Any CPU
		{A4F5D4E4-5211-4C35-B294-A69F955FE007}.Release|Any CPU.ActiveCfg = Release|Any CPU
		{A4F5D4E4-5211-4C35-B294-A69F955FE007}.Release|Any CPU.Build.0 = Release|Any CPU
		{A7453DF7-D20E-4D49-9D76-6F9F71C57A8F}.Debug|Any CPU.ActiveCfg = Debug|Any CPU
		{A7453DF7-D20E-4D49-9D76-6F9F71C57A8F}.Debug|Any CPU.Build.0 = Debug|Any CPU
		{A7453DF7-D20E-4D49-9D76-6F9F71C57A8F}.Release|Any CPU.ActiveCfg = Release|Any CPU
		{A7453DF7-D20E-4D49-9D76-6F9F71C57A8F}.Release|Any CPU.Build.0 = Release|Any CPU
		{C827A706-7071-4F1C-82B0-79A3AE1B8631}.Debug|Any CPU.ActiveCfg = Debug|Any CPU
		{C827A706-7071-4F1C-82B0-79A3AE1B8631}.Debug|Any CPU.Build.0 = Debug|Any CPU
		{C827A706-7071-4F1C-82B0-79A3AE1B8631}.Release|Any CPU.ActiveCfg = Release|Any CPU
		{C827A706-7071-4F1C-82B0-79A3AE1B8631}.Release|Any CPU.Build.0 = Release|Any CPU
	EndGlobalSection
	GlobalSection(SolutionProperties) = preSolution
		HideSolutionNode = FALSE
	EndGlobalSection
	GlobalSection(ExtensibilityGlobals) = postSolution
		SolutionGuid = {EF36E555-55D3-4AE7-BFB0-B5551B9F9980}
	EndGlobalSection
EndGlobal
